
Microsoft Visual Studio Solution File, Format Version 12.00
# Visual Studio Version 16
VisualStudioVersion = 16.0.29613.14
MinimumVisualStudioVersion = 10.0.40219.1
Project("{FAE04EC0-301F-11D3-BF4B-00C04F79EFBC}") = "Game Of Life", "Game Of Life\Game Of Life.csproj", "{0D133441-8AE1-4E1B-8698-5B16959C12B3}"
EndProject
Global
	GlobalSection(SolutionConfigurationPlatforms) = preSolution
		Debug|Any CPU = Debug|Any CPU
		Release|Any CPU = Release|Any CPU
	EndGlobalSection
	GlobalSection(ProjectConfigurationPlatforms) = postSolution
		{0D133441-8AE1-4E1B-8698-5B16959C12B3}.Debug|Any CPU.ActiveCfg = Debug|Any CPU
		{0D133441-8AE1-4E1B-8698-5B16959C12B3}.Debug|Any CPU.Build.0 = Debug|Any CPU
		{0D133441-8AE1-4E1B-8698-5B16959C12B3}.Release|Any CPU.ActiveCfg = Release|Any CPU
		{0D133441-8AE1-4E1B-8698-5B16959C12B3}.Release|Any CPU.Build.0 = Release|Any CPU
	EndGlobalSection
	GlobalSection(SolutionProperties) = preSolution
		HideSolutionNode = FALSE
	EndGlobalSection
	GlobalSection(ExtensibilityGlobals) = postSolution
		SolutionGuid = {DABCFD53-B377-4F8D-BA36-ED87D3460087}
	EndGlobalSection
EndGlobal
